// !$*UTF8*$!
{
	archiveVersion = 1;
	classes = {
	};
	objectVersion = 56;
	objects = {

/* Begin PBXBuildFile section */
		680CBB29299ECCE500CB84EC /* Supabase in Frameworks */ = {isa = PBXBuildFile; productRef = 680CBB28299ECCE500CB84EC /* Supabase */; };
		681456C52990927300D0ADA0 /* GreenreadsApp.swift in Sources */ = {isa = PBXBuildFile; fileRef = 681456C42990927300D0ADA0 /* GreenreadsApp.swift */; };
		681456C72990927300D0ADA0 /* ContentView.swift in Sources */ = {isa = PBXBuildFile; fileRef = 681456C62990927300D0ADA0 /* ContentView.swift */; };
		681456C92990927400D0ADA0 /* Assets.xcassets in Resources */ = {isa = PBXBuildFile; fileRef = 681456C82990927400D0ADA0 /* Assets.xcassets */; };
		681456CC2990927400D0ADA0 /* Preview Assets.xcassets in Resources */ = {isa = PBXBuildFile; fileRef = 681456CB2990927400D0ADA0 /* Preview Assets.xcassets */; };
		681456D62990927400D0ADA0 /* GreenreadsTests.swift in Sources */ = {isa = PBXBuildFile; fileRef = 681456D52990927400D0ADA0 /* GreenreadsTests.swift */; };
		681456E02990927400D0ADA0 /* GreenreadsUITests.swift in Sources */ = {isa = PBXBuildFile; fileRef = 681456DF2990927400D0ADA0 /* GreenreadsUITests.swift */; };
		681456E22990927500D0ADA0 /* GreenreadsUITestsLaunchTests.swift in Sources */ = {isa = PBXBuildFile; fileRef = 681456E12990927500D0ADA0 /* GreenreadsUITestsLaunchTests.swift */; };
		681456F629909BD800D0ADA0 /* LoginView.swift in Sources */ = {isa = PBXBuildFile; fileRef = 681456F529909BD800D0ADA0 /* LoginView.swift */; };
		681456F829909C5000D0ADA0 /* SignupAccountInfoView.swift in Sources */ = {isa = PBXBuildFile; fileRef = 681456F729909C5000D0ADA0 /* SignupAccountInfoView.swift */; };
		681456FA29909C7E00D0ADA0 /* SignupUserInfoView.swift in Sources */ = {isa = PBXBuildFile; fileRef = 681456F929909C7E00D0ADA0 /* SignupUserInfoView.swift */; };
		681456FC29909DE400D0ADA0 /* BookContentView.swift in Sources */ = {isa = PBXBuildFile; fileRef = 681456FB29909DE400D0ADA0 /* BookContentView.swift */; };
		681456FE29909EC400D0ADA0 /* BookDetailsView.swift in Sources */ = {isa = PBXBuildFile; fileRef = 681456FD29909EC400D0ADA0 /* BookDetailsView.swift */; };
		6814570029909ED100D0ADA0 /* ShelvesListView.swift in Sources */ = {isa = PBXBuildFile; fileRef = 681456FF29909ED100D0ADA0 /* ShelvesListView.swift */; };
		6841CE8E29A999CE00D0E4D1 /* VisualEffectComponent.swift in Sources */ = {isa = PBXBuildFile; fileRef = 6841CE8D29A999CE00D0E4D1 /* VisualEffectComponent.swift */; };
		68AC092829A92DD7003DCED0 /* ShelfComponent.swift in Sources */ = {isa = PBXBuildFile; fileRef = 68AC092729A92DD7003DCED0 /* ShelfComponent.swift */; };
		68AC092A29A97A3D003DCED0 /* StarRatingComponent.swift in Sources */ = {isa = PBXBuildFile; fileRef = 68AC092929A97A3D003DCED0 /* StarRatingComponent.swift */; };
/* End PBXBuildFile section */

/* Begin PBXContainerItemProxy section */
		681456D22990927400D0ADA0 /* PBXContainerItemProxy */ = {
			isa = PBXContainerItemProxy;
			containerPortal = 681456B92990927200D0ADA0 /* Project object */;
			proxyType = 1;
			remoteGlobalIDString = 681456C02990927200D0ADA0;
			remoteInfo = Greenreads;
		};
		681456DC2990927400D0ADA0 /* PBXContainerItemProxy */ = {
			isa = PBXContainerItemProxy;
			containerPortal = 681456B92990927200D0ADA0 /* Project object */;
			proxyType = 1;
			remoteGlobalIDString = 681456C02990927200D0ADA0;
			remoteInfo = Greenreads;
		};
/* End PBXContainerItemProxy section */

/* Begin PBXFileReference section */
		681456C12990927200D0ADA0 /* Greenreads.app */ = {isa = PBXFileReference; explicitFileType = wrapper.application; includeInIndex = 0; path = Greenreads.app; sourceTree = BUILT_PRODUCTS_DIR; };
		681456C42990927300D0ADA0 /* GreenreadsApp.swift */ = {isa = PBXFileReference; lastKnownFileType = sourcecode.swift; path = GreenreadsApp.swift; sourceTree = "<group>"; };
		681456C62990927300D0ADA0 /* ContentView.swift */ = {isa = PBXFileReference; lastKnownFileType = sourcecode.swift; path = ContentView.swift; sourceTree = "<group>"; };
		681456C82990927400D0ADA0 /* Assets.xcassets */ = {isa = PBXFileReference; lastKnownFileType = folder.assetcatalog; path = Assets.xcassets; sourceTree = "<group>"; };
		681456CB2990927400D0ADA0 /* Preview Assets.xcassets */ = {isa = PBXFileReference; lastKnownFileType = folder.assetcatalog; path = "Preview Assets.xcassets"; sourceTree = "<group>"; };
		681456D12990927400D0ADA0 /* GreenreadsTests.xctest */ = {isa = PBXFileReference; explicitFileType = wrapper.cfbundle; includeInIndex = 0; path = GreenreadsTests.xctest; sourceTree = BUILT_PRODUCTS_DIR; };
		681456D52990927400D0ADA0 /* GreenreadsTests.swift */ = {isa = PBXFileReference; lastKnownFileType = sourcecode.swift; path = GreenreadsTests.swift; sourceTree = "<group>"; };
		681456DB2990927400D0ADA0 /* GreenreadsUITests.xctest */ = {isa = PBXFileReference; explicitFileType = wrapper.cfbundle; includeInIndex = 0; path = GreenreadsUITests.xctest; sourceTree = BUILT_PRODUCTS_DIR; };
		681456DF2990927400D0ADA0 /* GreenreadsUITests.swift */ = {isa = PBXFileReference; lastKnownFileType = sourcecode.swift; path = GreenreadsUITests.swift; sourceTree = "<group>"; };
		681456E12990927500D0ADA0 /* GreenreadsUITestsLaunchTests.swift */ = {isa = PBXFileReference; lastKnownFileType = sourcecode.swift; path = GreenreadsUITestsLaunchTests.swift; sourceTree = "<group>"; };
		681456F529909BD800D0ADA0 /* LoginView.swift */ = {isa = PBXFileReference; lastKnownFileType = sourcecode.swift; path = LoginView.swift; sourceTree = "<group>"; };
		681456F729909C5000D0ADA0 /* SignupAccountInfoView.swift */ = {isa = PBXFileReference; lastKnownFileType = sourcecode.swift; path = SignupAccountInfoView.swift; sourceTree = "<group>"; };
		681456F929909C7E00D0ADA0 /* SignupUserInfoView.swift */ = {isa = PBXFileReference; lastKnownFileType = sourcecode.swift; path = SignupUserInfoView.swift; sourceTree = "<group>"; };
		681456FB29909DE400D0ADA0 /* BookContentView.swift */ = {isa = PBXFileReference; lastKnownFileType = sourcecode.swift; path = BookContentView.swift; sourceTree = "<group>"; };
		681456FD29909EC400D0ADA0 /* BookDetailsView.swift */ = {isa = PBXFileReference; lastKnownFileType = sourcecode.swift; path = BookDetailsView.swift; sourceTree = "<group>"; };
		681456FF29909ED100D0ADA0 /* ShelvesListView.swift */ = {isa = PBXFileReference; lastKnownFileType = sourcecode.swift; path = ShelvesListView.swift; sourceTree = "<group>"; };
		6841CE8D29A999CE00D0E4D1 /* VisualEffectComponent.swift */ = {isa = PBXFileReference; lastKnownFileType = sourcecode.swift; path = VisualEffectComponent.swift; sourceTree = "<group>"; };
		68AC092729A92DD7003DCED0 /* ShelfComponent.swift */ = {isa = PBXFileReference; lastKnownFileType = sourcecode.swift; path = ShelfComponent.swift; sourceTree = "<group>"; };
		68AC092929A97A3D003DCED0 /* StarRatingComponent.swift */ = {isa = PBXFileReference; lastKnownFileType = sourcecode.swift; path = StarRatingComponent.swift; sourceTree = "<group>"; };
/* End PBXFileReference section */

/* Begin PBXFrameworksBuildPhase section */
		681456BE2990927200D0ADA0 /* Frameworks */ = {
			isa = PBXFrameworksBuildPhase;
			buildActionMask = 2147483647;
			files = (
				680CBB29299ECCE500CB84EC /* Supabase in Frameworks */,
			);
			runOnlyForDeploymentPostprocessing = 0;
		};
		681456CE2990927400D0ADA0 /* Frameworks */ = {
			isa = PBXFrameworksBuildPhase;
			buildActionMask = 2147483647;
			files = (
			);
			runOnlyForDeploymentPostprocessing = 0;
		};
		681456D82990927400D0ADA0 /* Frameworks */ = {
			isa = PBXFrameworksBuildPhase;
			buildActionMask = 2147483647;
			files = (
			);
			runOnlyForDeploymentPostprocessing = 0;
		};
/* End PBXFrameworksBuildPhase section */

/* Begin PBXGroup section */
		681456B82990927200D0ADA0 = {
			isa = PBXGroup;
			children = (
				681456C32990927200D0ADA0 /* Greenreads */,
				681456D42990927400D0ADA0 /* GreenreadsTests */,
				681456DE2990927400D0ADA0 /* GreenreadsUITests */,
				681456C22990927200D0ADA0 /* Products */,
			);
			sourceTree = "<group>";
		};
		681456C22990927200D0ADA0 /* Products */ = {
			isa = PBXGroup;
			children = (
				681456C12990927200D0ADA0 /* Greenreads.app */,
				681456D12990927400D0ADA0 /* GreenreadsTests.xctest */,
				681456DB2990927400D0ADA0 /* GreenreadsUITests.xctest */,
			);
			name = Products;
			sourceTree = "<group>";
		};
		681456C32990927200D0ADA0 /* Greenreads */ = {
			isa = PBXGroup;
			children = (
				68AC092629A92DAA003DCED0 /* components */,
				681456EE2990980E00D0ADA0 /* views */,
				681456C42990927300D0ADA0 /* GreenreadsApp.swift */,
				681456C62990927300D0ADA0 /* ContentView.swift */,
				681456C82990927400D0ADA0 /* Assets.xcassets */,
				681456CA2990927400D0ADA0 /* Preview Content */,
			);
			path = Greenreads;
			sourceTree = "<group>";
		};
		681456CA2990927400D0ADA0 /* Preview Content */ = {
			isa = PBXGroup;
			children = (
				681456CB2990927400D0ADA0 /* Preview Assets.xcassets */,
			);
			path = "Preview Content";
			sourceTree = "<group>";
		};
		681456D42990927400D0ADA0 /* GreenreadsTests */ = {
			isa = PBXGroup;
			children = (
				681456D52990927400D0ADA0 /* GreenreadsTests.swift */,
			);
			path = GreenreadsTests;
			sourceTree = "<group>";
		};
		681456DE2990927400D0ADA0 /* GreenreadsUITests */ = {
			isa = PBXGroup;
			children = (
				681456DF2990927400D0ADA0 /* GreenreadsUITests.swift */,
				681456E12990927500D0ADA0 /* GreenreadsUITestsLaunchTests.swift */,
			);
			path = GreenreadsUITests;
			sourceTree = "<group>";
		};
		681456EE2990980E00D0ADA0 /* views */ = {
			isa = PBXGroup;
			children = (
				681456F529909BD800D0ADA0 /* LoginView.swift */,
				681456F729909C5000D0ADA0 /* SignupAccountInfoView.swift */,
				681456F929909C7E00D0ADA0 /* SignupUserInfoView.swift */,
				681456FB29909DE400D0ADA0 /* BookContentView.swift */,
				681456FD29909EC400D0ADA0 /* BookDetailsView.swift */,
				681456FF29909ED100D0ADA0 /* ShelvesListView.swift */,
			);
			path = views;
			sourceTree = "<group>";
		};
		68AC092629A92DAA003DCED0 /* components */ = {
			isa = PBXGroup;
			children = (
				68AC092729A92DD7003DCED0 /* ShelfComponent.swift */,
				68AC092929A97A3D003DCED0 /* StarRatingComponent.swift */,
				6841CE8D29A999CE00D0E4D1 /* VisualEffectComponent.swift */,
			);
			path = components;
			sourceTree = "<group>";
		};
/* End PBXGroup section */

/* Begin PBXNativeTarget section */
		681456C02990927200D0ADA0 /* Greenreads */ = {
			isa = PBXNativeTarget;
			buildConfigurationList = 681456E52990927500D0ADA0 /* Build configuration list for PBXNativeTarget "Greenreads" */;
			buildPhases = (
				681456BD2990927200D0ADA0 /* Sources */,
				681456BE2990927200D0ADA0 /* Frameworks */,
				681456BF2990927200D0ADA0 /* Resources */,
			);
			buildRules = (
			);
			dependencies = (
			);
			name = Greenreads;
			packageProductDependencies = (
				680CBB28299ECCE500CB84EC /* Supabase */,
			);
			productName = Greenreads;
			productReference = 681456C12990927200D0ADA0 /* Greenreads.app */;
			productType = "com.apple.product-type.application";
		};
		681456D02990927400D0ADA0 /* GreenreadsTests */ = {
			isa = PBXNativeTarget;
			buildConfigurationList = 681456E82990927500D0ADA0 /* Build configuration list for PBXNativeTarget "GreenreadsTests" */;
			buildPhases = (
				681456CD2990927400D0ADA0 /* Sources */,
				681456CE2990927400D0ADA0 /* Frameworks */,
				681456CF2990927400D0ADA0 /* Resources */,
			);
			buildRules = (
			);
			dependencies = (
				681456D32990927400D0ADA0 /* PBXTargetDependency */,
			);
			name = GreenreadsTests;
			productName = GreenreadsTests;
			productReference = 681456D12990927400D0ADA0 /* GreenreadsTests.xctest */;
			productType = "com.apple.product-type.bundle.unit-test";
		};
		681456DA2990927400D0ADA0 /* GreenreadsUITests */ = {
			isa = PBXNativeTarget;
			buildConfigurationList = 681456EB2990927500D0ADA0 /* Build configuration list for PBXNativeTarget "GreenreadsUITests" */;
			buildPhases = (
				681456D72990927400D0ADA0 /* Sources */,
				681456D82990927400D0ADA0 /* Frameworks */,
				681456D92990927400D0ADA0 /* Resources */,
			);
			buildRules = (
			);
			dependencies = (
				681456DD2990927400D0ADA0 /* PBXTargetDependency */,
			);
			name = GreenreadsUITests;
			productName = GreenreadsUITests;
			productReference = 681456DB2990927400D0ADA0 /* GreenreadsUITests.xctest */;
			productType = "com.apple.product-type.bundle.ui-testing";
		};
/* End PBXNativeTarget section */

/* Begin PBXProject section */
		681456B92990927200D0ADA0 /* Project object */ = {
			isa = PBXProject;
			attributes = {
				BuildIndependentTargetsInParallel = 1;
				LastSwiftUpdateCheck = 1420;
				LastUpgradeCheck = 1420;
				TargetAttributes = {
					681456C02990927200D0ADA0 = {
						CreatedOnToolsVersion = 14.2;
					};
					681456D02990927400D0ADA0 = {
						CreatedOnToolsVersion = 14.2;
						TestTargetID = 681456C02990927200D0ADA0;
					};
					681456DA2990927400D0ADA0 = {
						CreatedOnToolsVersion = 14.2;
						TestTargetID = 681456C02990927200D0ADA0;
					};
				};
			};
			buildConfigurationList = 681456BC2990927200D0ADA0 /* Build configuration list for PBXProject "Greenreads" */;
			compatibilityVersion = "Xcode 14.0";
			developmentRegion = en;
			hasScannedForEncodings = 0;
			knownRegions = (
				en,
				Base,
			);
			mainGroup = 681456B82990927200D0ADA0;
			packageReferences = (
				680CBB27299ECCE500CB84EC /* XCRemoteSwiftPackageReference "supabase-swift" */,
			);
			productRefGroup = 681456C22990927200D0ADA0 /* Products */;
			projectDirPath = "";
			projectRoot = "";
			targets = (
				681456C02990927200D0ADA0 /* Greenreads */,
				681456D02990927400D0ADA0 /* GreenreadsTests */,
				681456DA2990927400D0ADA0 /* GreenreadsUITests */,
			);
		};
/* End PBXProject section */

/* Begin PBXResourcesBuildPhase section */
		681456BF2990927200D0ADA0 /* Resources */ = {
			isa = PBXResourcesBuildPhase;
			buildActionMask = 2147483647;
			files = (
				681456CC2990927400D0ADA0 /* Preview Assets.xcassets in Resources */,
				681456C92990927400D0ADA0 /* Assets.xcassets in Resources */,
			);
			runOnlyForDeploymentPostprocessing = 0;
		};
		681456CF2990927400D0ADA0 /* Resources */ = {
			isa = PBXResourcesBuildPhase;
			buildActionMask = 2147483647;
			files = (
			);
			runOnlyForDeploymentPostprocessing = 0;
		};
		681456D92990927400D0ADA0 /* Resources */ = {
			isa = PBXResourcesBuildPhase;
			buildActionMask = 2147483647;
			files = (
			);
			runOnlyForDeploymentPostprocessing = 0;
		};
/* End PBXResourcesBuildPhase section */

/* Begin PBXSourcesBuildPhase section */
		681456BD2990927200D0ADA0 /* Sources */ = {
			isa = PBXSourcesBuildPhase;
			buildActionMask = 2147483647;
			files = (
				681456F829909C5000D0ADA0 /* SignupAccountInfoView.swift in Sources */,
				6814570029909ED100D0ADA0 /* ShelvesListView.swift in Sources */,
				681456FE29909EC400D0ADA0 /* BookDetailsView.swift in Sources */,
				68AC092829A92DD7003DCED0 /* ShelfComponent.swift in Sources */,
				68AC092A29A97A3D003DCED0 /* StarRatingComponent.swift in Sources */,
				681456FC29909DE400D0ADA0 /* BookContentView.swift in Sources */,
				6841CE8E29A999CE00D0E4D1 /* VisualEffectComponent.swift in Sources */,
				681456FA29909C7E00D0ADA0 /* SignupUserInfoView.swift in Sources */,
				681456F629909BD800D0ADA0 /* LoginView.swift in Sources */,
				681456C72990927300D0ADA0 /* ContentView.swift in Sources */,
				681456C52990927300D0ADA0 /* GreenreadsApp.swift in Sources */,
			);
			runOnlyForDeploymentPostprocessing = 0;
		};
		681456CD2990927400D0ADA0 /* Sources */ = {
			isa = PBXSourcesBuildPhase;
			buildActionMask = 2147483647;
			files = (
				681456D62990927400D0ADA0 /* GreenreadsTests.swift in Sources */,
			);
			runOnlyForDeploymentPostprocessing = 0;
		};
		681456D72990927400D0ADA0 /* Sources */ = {
			isa = PBXSourcesBuildPhase;
			buildActionMask = 2147483647;
			files = (
				681456E22990927500D0ADA0 /* GreenreadsUITestsLaunchTests.swift in Sources */,
				681456E02990927400D0ADA0 /* GreenreadsUITests.swift in Sources */,
			);
			runOnlyForDeploymentPostprocessing = 0;
		};
/* End PBXSourcesBuildPhase section */

/* Begin PBXTargetDependency section */
		681456D32990927400D0ADA0 /* PBXTargetDependency */ = {
			isa = PBXTargetDependency;
			target = 681456C02990927200D0ADA0 /* Greenreads */;
			targetProxy = 681456D22990927400D0ADA0 /* PBXContainerItemProxy */;
		};
		681456DD2990927400D0ADA0 /* PBXTargetDependency */ = {
			isa = PBXTargetDependency;
			target = 681456C02990927200D0ADA0 /* Greenreads */;
			targetProxy = 681456DC2990927400D0ADA0 /* PBXContainerItemProxy */;
		};
/* End PBXTargetDependency section */

/* Begin XCBuildConfiguration section */
		681456E32990927500D0ADA0 /* Debug */ = {
			isa = XCBuildConfiguration;
			buildSettings = {
				ALWAYS_SEARCH_USER_PATHS = NO;
				CLANG_ANALYZER_NONNULL = YES;
				CLANG_ANALYZER_NUMBER_OBJECT_CONVERSION = YES_AGGRESSIVE;
				CLANG_CXX_LANGUAGE_STANDARD = "gnu++20";
				CLANG_ENABLE_MODULES = YES;
				CLANG_ENABLE_OBJC_ARC = YES;
				CLANG_ENABLE_OBJC_WEAK = YES;
				CLANG_WARN_BLOCK_CAPTURE_AUTORELEASING = YES;
				CLANG_WARN_BOOL_CONVERSION = YES;
				CLANG_WARN_COMMA = YES;
				CLANG_WARN_CONSTANT_CONVERSION = YES;
				CLANG_WARN_DEPRECATED_OBJC_IMPLEMENTATIONS = YES;
				CLANG_WARN_DIRECT_OBJC_ISA_USAGE = YES_ERROR;
				CLANG_WARN_DOCUMENTATION_COMMENTS = YES;
				CLANG_WARN_EMPTY_BODY = YES;
				CLANG_WARN_ENUM_CONVERSION = YES;
				CLANG_WARN_INFINITE_RECURSION = YES;
				CLANG_WARN_INT_CONVERSION = YES;
				CLANG_WARN_NON_LITERAL_NULL_CONVERSION = YES;
				CLANG_WARN_OBJC_IMPLICIT_RETAIN_SELF = YES;
				CLANG_WARN_OBJC_LITERAL_CONVERSION = YES;
				CLANG_WARN_OBJC_ROOT_CLASS = YES_ERROR;
				CLANG_WARN_QUOTED_INCLUDE_IN_FRAMEWORK_HEADER = YES;
				CLANG_WARN_RANGE_LOOP_ANALYSIS = YES;
				CLANG_WARN_STRICT_PROTOTYPES = YES;
				CLANG_WARN_SUSPICIOUS_MOVE = YES;
				CLANG_WARN_UNGUARDED_AVAILABILITY = YES_AGGRESSIVE;
				CLANG_WARN_UNREACHABLE_CODE = YES;
				CLANG_WARN__DUPLICATE_METHOD_MATCH = YES;
				COPY_PHASE_STRIP = NO;
				DEBUG_INFORMATION_FORMAT = dwarf;
				ENABLE_STRICT_OBJC_MSGSEND = YES;
				ENABLE_TESTABILITY = YES;
				GCC_C_LANGUAGE_STANDARD = gnu11;
				GCC_DYNAMIC_NO_PIC = NO;
				GCC_NO_COMMON_BLOCKS = YES;
				GCC_OPTIMIZATION_LEVEL = 0;
				GCC_PREPROCESSOR_DEFINITIONS = (
					"DEBUG=1",
					"$(inherited)",
				);
				GCC_WARN_64_TO_32_BIT_CONVERSION = YES;
				GCC_WARN_ABOUT_RETURN_TYPE = YES_ERROR;
				GCC_WARN_UNDECLARED_SELECTOR = YES;
				GCC_WARN_UNINITIALIZED_AUTOS = YES_AGGRESSIVE;
				GCC_WARN_UNUSED_FUNCTION = YES;
				GCC_WARN_UNUSED_VARIABLE = YES;
				IPHONEOS_DEPLOYMENT_TARGET = 16.2;
				MTL_ENABLE_DEBUG_INFO = INCLUDE_SOURCE;
				MTL_FAST_MATH = YES;
				ONLY_ACTIVE_ARCH = YES;
				SDKROOT = iphoneos;
				SWIFT_ACTIVE_COMPILATION_CONDITIONS = DEBUG;
				SWIFT_OPTIMIZATION_LEVEL = "-Onone";
			};
			name = Debug;
		};
		681456E42990927500D0ADA0 /* Release */ = {
			isa = XCBuildConfiguration;
			buildSettings = {
				ALWAYS_SEARCH_USER_PATHS = NO;
				CLANG_ANALYZER_NONNULL = YES;
				CLANG_ANALYZER_NUMBER_OBJECT_CONVERSION = YES_AGGRESSIVE;
				CLANG_CXX_LANGUAGE_STANDARD = "gnu++20";
				CLANG_ENABLE_MODULES = YES;
				CLANG_ENABLE_OBJC_ARC = YES;
				CLANG_ENABLE_OBJC_WEAK = YES;
				CLANG_WARN_BLOCK_CAPTURE_AUTORELEASING = YES;
				CLANG_WARN_BOOL_CONVERSION = YES;
				CLANG_WARN_COMMA = YES;
				CLANG_WARN_CONSTANT_CONVERSION = YES;
				CLANG_WARN_DEPRECATED_OBJC_IMPLEMENTATIONS = YES;
				CLANG_WARN_DIRECT_OBJC_ISA_USAGE = YES_ERROR;
				CLANG_WARN_DOCUMENTATION_COMMENTS = YES;
				CLANG_WARN_EMPTY_BODY = YES;
				CLANG_WARN_ENUM_CONVERSION = YES;
				CLANG_WARN_INFINITE_RECURSION = YES;
				CLANG_WARN_INT_CONVERSION = YES;
				CLANG_WARN_NON_LITERAL_NULL_CONVERSION = YES;
				CLANG_WARN_OBJC_IMPLICIT_RETAIN_SELF = YES;
				CLANG_WARN_OBJC_LITERAL_CONVERSION = YES;
				CLANG_WARN_OBJC_ROOT_CLASS = YES_ERROR;
				CLANG_WARN_QUOTED_INCLUDE_IN_FRAMEWORK_HEADER = YES;
				CLANG_WARN_RANGE_LOOP_ANALYSIS = YES;
				CLANG_WARN_STRICT_PROTOTYPES = YES;
				CLANG_WARN_SUSPICIOUS_MOVE = YES;
				CLANG_WARN_UNGUARDED_AVAILABILITY = YES_AGGRESSIVE;
				CLANG_WARN_UNREACHABLE_CODE = YES;
				CLANG_WARN__DUPLICATE_METHOD_MATCH = YES;
				COPY_PHASE_STRIP = NO;
				DEBUG_INFORMATION_FORMAT = "dwarf-with-dsym";
				ENABLE_NS_ASSERTIONS = NO;
				ENABLE_STRICT_OBJC_MSGSEND = YES;
				GCC_C_LANGUAGE_STANDARD = gnu11;
				GCC_NO_COMMON_BLOCKS = YES;
				GCC_WARN_64_TO_32_BIT_CONVERSION = YES;
				GCC_WARN_ABOUT_RETURN_TYPE = YES_ERROR;
				GCC_WARN_UNDECLARED_SELECTOR = YES;
				GCC_WARN_UNINITIALIZED_AUTOS = YES_AGGRESSIVE;
				GCC_WARN_UNUSED_FUNCTION = YES;
				GCC_WARN_UNUSED_VARIABLE = YES;
				IPHONEOS_DEPLOYMENT_TARGET = 16.2;
				MTL_ENABLE_DEBUG_INFO = NO;
				MTL_FAST_MATH = YES;
				SDKROOT = iphoneos;
				SWIFT_COMPILATION_MODE = wholemodule;
				SWIFT_OPTIMIZATION_LEVEL = "-O";
				VALIDATE_PRODUCT = YES;
			};
			name = Release;
		};
		681456E62990927500D0ADA0 /* Debug */ = {
			isa = XCBuildConfiguration;
			buildSettings = {
				ASSETCATALOG_COMPILER_APPICON_NAME = AppIcon;
				ASSETCATALOG_COMPILER_GLOBAL_ACCENT_COLOR_NAME = AccentColor;
				CODE_SIGN_STYLE = Automatic;
				CURRENT_PROJECT_VERSION = 1;
				DEVELOPMENT_ASSET_PATHS = "\"Greenreads/Preview Content\"";
				ENABLE_PREVIEWS = YES;
				GENERATE_INFOPLIST_FILE = YES;
				INFOPLIST_KEY_UIApplicationSceneManifest_Generation = YES;
				INFOPLIST_KEY_UIApplicationSupportsIndirectInputEvents = YES;
				INFOPLIST_KEY_UILaunchScreen_Generation = YES;
				INFOPLIST_KEY_UISupportedInterfaceOrientations_iPad = "UIInterfaceOrientationPortrait UIInterfaceOrientationPortraitUpsideDown UIInterfaceOrientationLandscapeLeft UIInterfaceOrientationLandscapeRight";
				INFOPLIST_KEY_UISupportedInterfaceOrientations_iPhone = "UIInterfaceOrientationPortrait UIInterfaceOrientationLandscapeLeft UIInterfaceOrientationLandscapeRight";
				LD_RUNPATH_SEARCH_PATHS = (
					"$(inherited)",
					"@executable_path/Frameworks",
				);
				MARKETING_VERSION = 1.0;
				PRODUCT_BUNDLE_IDENTIFIER = com.greenreads.Greenreads;
				PRODUCT_NAME = "$(TARGET_NAME)";
				SWIFT_EMIT_LOC_STRINGS = YES;
				SWIFT_VERSION = 5.0;
				TARGETED_DEVICE_FAMILY = "1,2";
			};
			name = Debug;
		};
		681456E72990927500D0ADA0 /* Release */ = {
			isa = XCBuildConfiguration;
			buildSettings = {
				ASSETCATALOG_COMPILER_APPICON_NAME = AppIcon;
				ASSETCATALOG_COMPILER_GLOBAL_ACCENT_COLOR_NAME = AccentColor;
				CODE_SIGN_STYLE = Automatic;
				CURRENT_PROJECT_VERSION = 1;
				DEVELOPMENT_ASSET_PATHS = "\"Greenreads/Preview Content\"";
				ENABLE_PREVIEWS = YES;
				GENERATE_INFOPLIST_FILE = YES;
				INFOPLIST_KEY_UIApplicationSceneManifest_Generation = YES;
				INFOPLIST_KEY_UIApplicationSupportsIndirectInputEvents = YES;
				INFOPLIST_KEY_UILaunchScreen_Generation = YES;
				INFOPLIST_KEY_UISupportedInterfaceOrientations_iPad = "UIInterfaceOrientationPortrait UIInterfaceOrientationPortraitUpsideDown UIInterfaceOrientationLandscapeLeft UIInterfaceOrientationLandscapeRight";
				INFOPLIST_KEY_UISupportedInterfaceOrientations_iPhone = "UIInterfaceOrientationPortrait UIInterfaceOrientationLandscapeLeft UIInterfaceOrientationLandscapeRight";
				LD_RUNPATH_SEARCH_PATHS = (
					"$(inherited)",
					"@executable_path/Frameworks",
				);
				MARKETING_VERSION = 1.0;
				PRODUCT_BUNDLE_IDENTIFIER = com.greenreads.Greenreads;
				PRODUCT_NAME = "$(TARGET_NAME)";
				SWIFT_EMIT_LOC_STRINGS = YES;
				SWIFT_VERSION = 5.0;
				TARGETED_DEVICE_FAMILY = "1,2";
			};
			name = Release;
		};
		681456E92990927500D0ADA0 /* Debug */ = {
			isa = XCBuildConfiguration;
			buildSettings = {
				ALWAYS_EMBED_SWIFT_STANDARD_LIBRARIES = YES;
				BUNDLE_LOADER = "$(TEST_HOST)";
				CODE_SIGN_STYLE = Automatic;
				CURRENT_PROJECT_VERSION = 1;
				GENERATE_INFOPLIST_FILE = YES;
				IPHONEOS_DEPLOYMENT_TARGET = 16.2;
				MARKETING_VERSION = 1.0;
				PRODUCT_BUNDLE_IDENTIFIER = com.greenreads.GreenreadsTests;
				PRODUCT_NAME = "$(TARGET_NAME)";
				SWIFT_EMIT_LOC_STRINGS = NO;
				SWIFT_VERSION = 5.0;
				TARGETED_DEVICE_FAMILY = "1,2";
				TEST_HOST = "$(BUILT_PRODUCTS_DIR)/Greenreads.app/$(BUNDLE_EXECUTABLE_FOLDER_PATH)/Greenreads";
			};
			name = Debug;
		};
		681456EA2990927500D0ADA0 /* Release */ = {
			isa = XCBuildConfiguration;
			buildSettings = {
				ALWAYS_EMBED_SWIFT_STANDARD_LIBRARIES = YES;
				BUNDLE_LOADER = "$(TEST_HOST)";
				CODE_SIGN_STYLE = Automatic;
				CURRENT_PROJECT_VERSION = 1;
				GENERATE_INFOPLIST_FILE = YES;
				IPHONEOS_DEPLOYMENT_TARGET = 16.2;
				MARKETING_VERSION = 1.0;
				PRODUCT_BUNDLE_IDENTIFIER = com.greenreads.GreenreadsTests;
				PRODUCT_NAME = "$(TARGET_NAME)";
				SWIFT_EMIT_LOC_STRINGS = NO;
				SWIFT_VERSION = 5.0;
				TARGETED_DEVICE_FAMILY = "1,2";
				TEST_HOST = "$(BUILT_PRODUCTS_DIR)/Greenreads.app/$(BUNDLE_EXECUTABLE_FOLDER_PATH)/Greenreads";
			};
			name = Release;
		};
		681456EC2990927500D0ADA0 /* Debug */ = {
			isa = XCBuildConfiguration;
			buildSettings = {
				ALWAYS_EMBED_SWIFT_STANDARD_LIBRARIES = YES;
				CODE_SIGN_STYLE = Automatic;
				CURRENT_PROJECT_VERSION = 1;
				GENERATE_INFOPLIST_FILE = YES;
				MARKETING_VERSION = 1.0;
				PRODUCT_BUNDLE_IDENTIFIER = com.greenreads.GreenreadsUITests;
				PRODUCT_NAME = "$(TARGET_NAME)";
				SWIFT_EMIT_LOC_STRINGS = NO;
				SWIFT_VERSION = 5.0;
				TARGETED_DEVICE_FAMILY = "1,2";
				TEST_TARGET_NAME = Greenreads;
			};
			name = Debug;
		};
		681456ED2990927500D0ADA0 /* Release */ = {
			isa = XCBuildConfiguration;
			buildSettings = {
				ALWAYS_EMBED_SWIFT_STANDARD_LIBRARIES = YES;
				CODE_SIGN_STYLE = Automatic;
				CURRENT_PROJECT_VERSION = 1;
				GENERATE_INFOPLIST_FILE = YES;
				MARKETING_VERSION = 1.0;
				PRODUCT_BUNDLE_IDENTIFIER = com.greenreads.GreenreadsUITests;
				PRODUCT_NAME = "$(TARGET_NAME)";
				SWIFT_EMIT_LOC_STRINGS = NO;
				SWIFT_VERSION = 5.0;
				TARGETED_DEVICE_FAMILY = "1,2";
				TEST_TARGET_NAME = Greenreads;
			};
			name = Release;
		};
/* End XCBuildConfiguration section */

/* Begin XCConfigurationList section */
		681456BC2990927200D0ADA0 /* Build configuration list for PBXProject "Greenreads" */ = {
			isa = XCConfigurationList;
			buildConfigurations = (
				681456E32990927500D0ADA0 /* Debug */,
				681456E42990927500D0ADA0 /* Release */,
			);
			defaultConfigurationIsVisible = 0;
			defaultConfigurationName = Release;
		};
		681456E52990927500D0ADA0 /* Build configuration list for PBXNativeTarget "Greenreads" */ = {
			isa = XCConfigurationList;
			buildConfigurations = (
				681456E62990927500D0ADA0 /* Debug */,
				681456E72990927500D0ADA0 /* Release */,
			);
			defaultConfigurationIsVisible = 0;
			defaultConfigurationName = Release;
		};
		681456E82990927500D0ADA0 /* Build configuration list for PBXNativeTarget "GreenreadsTests" */ = {
			isa = XCConfigurationList;
			buildConfigurations = (
				681456E92990927500D0ADA0 /* Debug */,
				681456EA2990927500D0ADA0 /* Release */,
			);
			defaultConfigurationIsVisible = 0;
			defaultConfigurationName = Release;
		};
		681456EB2990927500D0ADA0 /* Build configuration list for PBXNativeTarget "GreenreadsUITests" */ = {
			isa = XCConfigurationList;
			buildConfigurations = (
				681456EC2990927500D0ADA0 /* Debug */,
				681456ED2990927500D0ADA0 /* Release */,
			);
			defaultConfigurationIsVisible = 0;
			defaultConfigurationName = Release;
		};
/* End XCConfigurationList section */

/* Begin XCRemoteSwiftPackageReference section */
		680CBB27299ECCE500CB84EC /* XCRemoteSwiftPackageReference "supabase-swift" */ = {
			isa = XCRemoteSwiftPackageReference;
			repositoryURL = "https://github.com/supabase/supabase-swift.git";
			requirement = {
				kind = upToNextMajorVersion;
				minimumVersion = 0.1.3;
			};
		};
/* End XCRemoteSwiftPackageReference section */

/* Begin XCSwiftPackageProductDependency section */
		680CBB28299ECCE500CB84EC /* Supabase */ = {
			isa = XCSwiftPackageProductDependency;
			package = 680CBB27299ECCE500CB84EC /* XCRemoteSwiftPackageReference "supabase-swift" */;
			productName = Supabase;
		};
/* End XCSwiftPackageProductDependency section */
	};
	rootObject = 681456B92990927200D0ADA0 /* Project object */;
}
