// !$*UTF8*$!
{
	archiveVersion = 1;
	classes = {
	};
	objectVersion = 56;
	objects = {

/* Begin PBXBuildFile section */
		687AA21129CCDA9100E7C12E /* Enums.swift in Sources */ = {isa = PBXBuildFile; fileRef = 687AA21029CCDA9100E7C12E /* Enums.swift */; };
		689C843029CCBDD100493A20 /* GreenreadsApp.swift in Sources */ = {isa = PBXBuildFile; fileRef = 689C842F29CCBDD100493A20 /* GreenreadsApp.swift */; };
		689C843229CCBDD100493A20 /* ContentView.swift in Sources */ = {isa = PBXBuildFile; fileRef = 689C843129CCBDD100493A20 /* ContentView.swift */; };
		689C843429CCBDD200493A20 /* Assets.xcassets in Resources */ = {isa = PBXBuildFile; fileRef = 689C843329CCBDD200493A20 /* Assets.xcassets */; };
		689C843729CCBDD200493A20 /* Preview Assets.xcassets in Resources */ = {isa = PBXBuildFile; fileRef = 689C843629CCBDD200493A20 /* Preview Assets.xcassets */; };
		689C844229CCBF2F00493A20 /* SupabaseClient.swift in Sources */ = {isa = PBXBuildFile; fileRef = 689C844129CCBF2F00493A20 /* SupabaseClient.swift */; };
		689C844529CCBFE500493A20 /* Supabase in Frameworks */ = {isa = PBXBuildFile; productRef = 689C844429CCBFE500493A20 /* Supabase */; };
		689C844829CCC3C300493A20 /* ColorExtensions.swift in Sources */ = {isa = PBXBuildFile; fileRef = 689C844729CCC3C300493A20 /* ColorExtensions.swift */; };
		689C844A29CCC40200493A20 /* Book.swift in Sources */ = {isa = PBXBuildFile; fileRef = 689C844929CCC40200493A20 /* Book.swift */; };
		689C844C29CCC41A00493A20 /* Shelf.swift in Sources */ = {isa = PBXBuildFile; fileRef = 689C844B29CCC41A00493A20 /* Shelf.swift */; };
		689C844E29CCC42E00493A20 /* Profile.swift in Sources */ = {isa = PBXBuildFile; fileRef = 689C844D29CCC42E00493A20 /* Profile.swift */; };
		689C845029CCC44200493A20 /* ProfileBook.swift in Sources */ = {isa = PBXBuildFile; fileRef = 689C844F29CCC44200493A20 /* ProfileBook.swift */; };
		689C845229CCC47800493A20 /* ProfileShelf.swift in Sources */ = {isa = PBXBuildFile; fileRef = 689C845129CCC47800493A20 /* ProfileShelf.swift */; };
		689C845429CCC49100493A20 /* ShelfBook.swift in Sources */ = {isa = PBXBuildFile; fileRef = 689C845329CCC49100493A20 /* ShelfBook.swift */; };
		689C845629CCC4B600493A20 /* DropdownComponent.swift in Sources */ = {isa = PBXBuildFile; fileRef = 689C845529CCC4B600493A20 /* DropdownComponent.swift */; };
		689C845829CCC4D200493A20 /* GenderDropdownComponent.swift in Sources */ = {isa = PBXBuildFile; fileRef = 689C845729CCC4D200493A20 /* GenderDropdownComponent.swift */; };
		689C845A29CCC4EB00493A20 /* RadioButtonComponent.swift in Sources */ = {isa = PBXBuildFile; fileRef = 689C845929CCC4EB00493A20 /* RadioButtonComponent.swift */; };
		689C845C29CCC50300493A20 /* ShelfComponent.swift in Sources */ = {isa = PBXBuildFile; fileRef = 689C845B29CCC50300493A20 /* ShelfComponent.swift */; };
		689C845E29CCC51400493A20 /* StarRatingComponent.swift in Sources */ = {isa = PBXBuildFile; fileRef = 689C845D29CCC51400493A20 /* StarRatingComponent.swift */; };
		689C846029CCC52300493A20 /* TextFieldComponent.swift in Sources */ = {isa = PBXBuildFile; fileRef = 689C845F29CCC52300493A20 /* TextFieldComponent.swift */; };
		689C846229CCC53E00493A20 /* TogglablePasswordFieldComponent.swift in Sources */ = {isa = PBXBuildFile; fileRef = 689C846129CCC53E00493A20 /* TogglablePasswordFieldComponent.swift */; };
		689C846529CCC57100493A20 /* BookContentView.swift in Sources */ = {isa = PBXBuildFile; fileRef = 689C846429CCC57100493A20 /* BookContentView.swift */; };
		689C846729CCCBE100493A20 /* BookDetailsView.swift in Sources */ = {isa = PBXBuildFile; fileRef = 689C846629CCCBE100493A20 /* BookDetailsView.swift */; };
		689C846929CCCBF600493A20 /* LoginView.swift in Sources */ = {isa = PBXBuildFile; fileRef = 689C846829CCCBF600493A20 /* LoginView.swift */; };
		689C846B29CCCC0600493A20 /* ShelvesListView.swift in Sources */ = {isa = PBXBuildFile; fileRef = 689C846A29CCCC0600493A20 /* ShelvesListView.swift */; };
		689C846D29CCCC1200493A20 /* SignupAccountInfoView.swift in Sources */ = {isa = PBXBuildFile; fileRef = 689C846C29CCCC1200493A20 /* SignupAccountInfoView.swift */; };
		689C846F29CCCC2300493A20 /* SignupUserInfoView.swift in Sources */ = {isa = PBXBuildFile; fileRef = 689C846E29CCCC2300493A20 /* SignupUserInfoView.swift */; };
		689C847129CCCC4600493A20 /* SplashView.swift in Sources */ = {isa = PBXBuildFile; fileRef = 689C847029CCCC4600493A20 /* SplashView.swift */; };
		689C847329CCD10E00493A20 /* SignupFormData.swift in Sources */ = {isa = PBXBuildFile; fileRef = 689C847229CCD10E00493A20 /* SignupFormData.swift */; };
/* End PBXBuildFile section */

/* Begin PBXFileReference section */
		687AA21029CCDA9100E7C12E /* Enums.swift */ = {isa = PBXFileReference; lastKnownFileType = sourcecode.swift; path = Enums.swift; sourceTree = "<group>"; };
		689C842C29CCBDD100493A20 /* Greenreads.app */ = {isa = PBXFileReference; explicitFileType = wrapper.application; includeInIndex = 0; path = Greenreads.app; sourceTree = BUILT_PRODUCTS_DIR; };
		689C842F29CCBDD100493A20 /* GreenreadsApp.swift */ = {isa = PBXFileReference; lastKnownFileType = sourcecode.swift; path = GreenreadsApp.swift; sourceTree = "<group>"; };
		689C843129CCBDD100493A20 /* ContentView.swift */ = {isa = PBXFileReference; lastKnownFileType = sourcecode.swift; path = ContentView.swift; sourceTree = "<group>"; };
		689C843329CCBDD200493A20 /* Assets.xcassets */ = {isa = PBXFileReference; lastKnownFileType = folder.assetcatalog; path = Assets.xcassets; sourceTree = "<group>"; };
		689C843629CCBDD200493A20 /* Preview Assets.xcassets */ = {isa = PBXFileReference; lastKnownFileType = folder.assetcatalog; path = "Preview Assets.xcassets"; sourceTree = "<group>"; };
		689C844129CCBF2F00493A20 /* SupabaseClient.swift */ = {isa = PBXFileReference; lastKnownFileType = sourcecode.swift; path = SupabaseClient.swift; sourceTree = "<group>"; };
		689C844729CCC3C300493A20 /* ColorExtensions.swift */ = {isa = PBXFileReference; lastKnownFileType = sourcecode.swift; path = ColorExtensions.swift; sourceTree = "<group>"; };
		689C844929CCC40200493A20 /* Book.swift */ = {isa = PBXFileReference; lastKnownFileType = sourcecode.swift; path = Book.swift; sourceTree = "<group>"; };
		689C844B29CCC41A00493A20 /* Shelf.swift */ = {isa = PBXFileReference; lastKnownFileType = sourcecode.swift; path = Shelf.swift; sourceTree = "<group>"; };
		689C844D29CCC42E00493A20 /* Profile.swift */ = {isa = PBXFileReference; lastKnownFileType = sourcecode.swift; path = Profile.swift; sourceTree = "<group>"; };
		689C844F29CCC44200493A20 /* ProfileBook.swift */ = {isa = PBXFileReference; lastKnownFileType = sourcecode.swift; path = ProfileBook.swift; sourceTree = "<group>"; };
		689C845129CCC47800493A20 /* ProfileShelf.swift */ = {isa = PBXFileReference; lastKnownFileType = sourcecode.swift; path = ProfileShelf.swift; sourceTree = "<group>"; };
		689C845329CCC49100493A20 /* ShelfBook.swift */ = {isa = PBXFileReference; lastKnownFileType = sourcecode.swift; path = ShelfBook.swift; sourceTree = "<group>"; };
		689C845529CCC4B600493A20 /* DropdownComponent.swift */ = {isa = PBXFileReference; lastKnownFileType = sourcecode.swift; path = DropdownComponent.swift; sourceTree = "<group>"; };
		689C845729CCC4D200493A20 /* GenderDropdownComponent.swift */ = {isa = PBXFileReference; lastKnownFileType = sourcecode.swift; path = GenderDropdownComponent.swift; sourceTree = "<group>"; };
		689C845929CCC4EB00493A20 /* RadioButtonComponent.swift */ = {isa = PBXFileReference; lastKnownFileType = sourcecode.swift; path = RadioButtonComponent.swift; sourceTree = "<group>"; };
		689C845B29CCC50300493A20 /* ShelfComponent.swift */ = {isa = PBXFileReference; lastKnownFileType = sourcecode.swift; path = ShelfComponent.swift; sourceTree = "<group>"; };
		689C845D29CCC51400493A20 /* StarRatingComponent.swift */ = {isa = PBXFileReference; lastKnownFileType = sourcecode.swift; path = StarRatingComponent.swift; sourceTree = "<group>"; };
		689C845F29CCC52300493A20 /* TextFieldComponent.swift */ = {isa = PBXFileReference; lastKnownFileType = sourcecode.swift; path = TextFieldComponent.swift; sourceTree = "<group>"; };
		689C846129CCC53E00493A20 /* TogglablePasswordFieldComponent.swift */ = {isa = PBXFileReference; lastKnownFileType = sourcecode.swift; path = TogglablePasswordFieldComponent.swift; sourceTree = "<group>"; };
		689C846429CCC57100493A20 /* BookContentView.swift */ = {isa = PBXFileReference; lastKnownFileType = sourcecode.swift; path = BookContentView.swift; sourceTree = "<group>"; };
		689C846629CCCBE100493A20 /* BookDetailsView.swift */ = {isa = PBXFileReference; lastKnownFileType = sourcecode.swift; path = BookDetailsView.swift; sourceTree = "<group>"; };
		689C846829CCCBF600493A20 /* LoginView.swift */ = {isa = PBXFileReference; lastKnownFileType = sourcecode.swift; path = LoginView.swift; sourceTree = "<group>"; };
		689C846A29CCCC0600493A20 /* ShelvesListView.swift */ = {isa = PBXFileReference; lastKnownFileType = sourcecode.swift; path = ShelvesListView.swift; sourceTree = "<group>"; };
		689C846C29CCCC1200493A20 /* SignupAccountInfoView.swift */ = {isa = PBXFileReference; lastKnownFileType = sourcecode.swift; path = SignupAccountInfoView.swift; sourceTree = "<group>"; };
		689C846E29CCCC2300493A20 /* SignupUserInfoView.swift */ = {isa = PBXFileReference; lastKnownFileType = sourcecode.swift; path = SignupUserInfoView.swift; sourceTree = "<group>"; };
		689C847029CCCC4600493A20 /* SplashView.swift */ = {isa = PBXFileReference; lastKnownFileType = sourcecode.swift; path = SplashView.swift; sourceTree = "<group>"; };
		689C847229CCD10E00493A20 /* SignupFormData.swift */ = {isa = PBXFileReference; lastKnownFileType = sourcecode.swift; path = SignupFormData.swift; sourceTree = "<group>"; };
/* End PBXFileReference section */

/* Begin PBXFrameworksBuildPhase section */
		689C842929CCBDD100493A20 /* Frameworks */ = {
			isa = PBXFrameworksBuildPhase;
			buildActionMask = 2147483647;
			files = (
				689C844529CCBFE500493A20 /* Supabase in Frameworks */,
			);
			runOnlyForDeploymentPostprocessing = 0;
		};
/* End PBXFrameworksBuildPhase section */

/* Begin PBXGroup section */
		689C842329CCBDD100493A20 = {
			isa = PBXGroup;
			children = (
				689C842E29CCBDD100493A20 /* Greenreads */,
				689C842D29CCBDD100493A20 /* Products */,
			);
			sourceTree = "<group>";
		};
		689C842D29CCBDD100493A20 /* Products */ = {
			isa = PBXGroup;
			children = (
				689C842C29CCBDD100493A20 /* Greenreads.app */,
			);
			name = Products;
			sourceTree = "<group>";
		};
		689C842E29CCBDD100493A20 /* Greenreads */ = {
			isa = PBXGroup;
			children = (
				689C843329CCBDD200493A20 /* Assets.xcassets */,
				689C843F29CCBEF200493A20 /* components */,
				689C843129CCBDD100493A20 /* ContentView.swift */,
				689C844629CCC3B600493A20 /* extensions */,
				689C842F29CCBDD100493A20 /* GreenreadsApp.swift */,
				689C843E29CCBEDB00493A20 /* lib */,
				689C843D29CCBECB00493A20 /* models */,
				689C843529CCBDD200493A20 /* Preview Content */,
				689C844029CCBF1A00493A20 /* views */,
			);
			path = Greenreads;
			sourceTree = "<group>";
		};
		689C843529CCBDD200493A20 /* Preview Content */ = {
			isa = PBXGroup;
			children = (
				689C843629CCBDD200493A20 /* Preview Assets.xcassets */,
			);
			path = "Preview Content";
			sourceTree = "<group>";
		};
		689C843D29CCBECB00493A20 /* models */ = {
			isa = PBXGroup;
			children = (
				689C844929CCC40200493A20 /* Book.swift */,
				689C844B29CCC41A00493A20 /* Shelf.swift */,
				689C844D29CCC42E00493A20 /* Profile.swift */,
				689C844F29CCC44200493A20 /* ProfileBook.swift */,
				689C845129CCC47800493A20 /* ProfileShelf.swift */,
				689C845329CCC49100493A20 /* ShelfBook.swift */,
			);
			path = models;
			sourceTree = "<group>";
		};
		689C843E29CCBEDB00493A20 /* lib */ = {
			isa = PBXGroup;
			children = (
				689C844129CCBF2F00493A20 /* SupabaseClient.swift */,
				687AA21029CCDA9100E7C12E /* Enums.swift */,
			);
			path = lib;
			sourceTree = "<group>";
		};
		689C843F29CCBEF200493A20 /* components */ = {
			isa = PBXGroup;
			children = (
				689C845529CCC4B600493A20 /* DropdownComponent.swift */,
				689C845729CCC4D200493A20 /* GenderDropdownComponent.swift */,
				689C845929CCC4EB00493A20 /* RadioButtonComponent.swift */,
				689C845B29CCC50300493A20 /* ShelfComponent.swift */,
				689C845D29CCC51400493A20 /* StarRatingComponent.swift */,
				689C845F29CCC52300493A20 /* TextFieldComponent.swift */,
				689C846129CCC53E00493A20 /* TogglablePasswordFieldComponent.swift */,
			);
			path = components;
			sourceTree = "<group>";
		};
		689C844029CCBF1A00493A20 /* views */ = {
			isa = PBXGroup;
			children = (
				689C846429CCC57100493A20 /* BookContentView.swift */,
				689C846629CCCBE100493A20 /* BookDetailsView.swift */,
				689C846829CCCBF600493A20 /* LoginView.swift */,
				689C846A29CCCC0600493A20 /* ShelvesListView.swift */,
				689C846C29CCCC1200493A20 /* SignupAccountInfoView.swift */,
				689C846E29CCCC2300493A20 /* SignupUserInfoView.swift */,
				689C847029CCCC4600493A20 /* SplashView.swift */,
				689C847229CCD10E00493A20 /* SignupFormData.swift */,
			);
			path = views;
			sourceTree = "<group>";
		};
		689C844629CCC3B600493A20 /* extensions */ = {
			isa = PBXGroup;
			children = (
				689C844729CCC3C300493A20 /* ColorExtensions.swift */,
			);
			path = extensions;
			sourceTree = "<group>";
		};
/* End PBXGroup section */

/* Begin PBXNativeTarget section */
		689C842B29CCBDD100493A20 /* Greenreads */ = {
			isa = PBXNativeTarget;
			buildConfigurationList = 689C843A29CCBDD200493A20 /* Build configuration list for PBXNativeTarget "Greenreads" */;
			buildPhases = (
				689C842829CCBDD100493A20 /* Sources */,
				689C842929CCBDD100493A20 /* Frameworks */,
				689C842A29CCBDD100493A20 /* Resources */,
			);
			buildRules = (
			);
			dependencies = (
			);
			name = Greenreads;
			packageProductDependencies = (
				689C844429CCBFE500493A20 /* Supabase */,
			);
			productName = Greenreads;
			productReference = 689C842C29CCBDD100493A20 /* Greenreads.app */;
			productType = "com.apple.product-type.application";
		};
/* End PBXNativeTarget section */

/* Begin PBXProject section */
		689C842429CCBDD100493A20 /* Project object */ = {
			isa = PBXProject;
			attributes = {
				BuildIndependentTargetsInParallel = 1;
				LastSwiftUpdateCheck = 1420;
				LastUpgradeCheck = 1420;
				TargetAttributes = {
					689C842B29CCBDD100493A20 = {
						CreatedOnToolsVersion = 14.2;
					};
				};
			};
			buildConfigurationList = 689C842729CCBDD100493A20 /* Build configuration list for PBXProject "Greenreads" */;
			compatibilityVersion = "Xcode 14.0";
			developmentRegion = en;
			hasScannedForEncodings = 0;
			knownRegions = (
				en,
				Base,
			);
			mainGroup = 689C842329CCBDD100493A20;
			packageReferences = (
				689C844329CCBFE500493A20 /* XCRemoteSwiftPackageReference "supabase-swift" */,
			);
			productRefGroup = 689C842D29CCBDD100493A20 /* Products */;
			projectDirPath = "";
			projectRoot = "";
			targets = (
				689C842B29CCBDD100493A20 /* Greenreads */,
			);
		};
/* End PBXProject section */

/* Begin PBXResourcesBuildPhase section */
		689C842A29CCBDD100493A20 /* Resources */ = {
			isa = PBXResourcesBuildPhase;
			buildActionMask = 2147483647;
			files = (
				689C843729CCBDD200493A20 /* Preview Assets.xcassets in Resources */,
				689C843429CCBDD200493A20 /* Assets.xcassets in Resources */,
			);
			runOnlyForDeploymentPostprocessing = 0;
		};
/* End PBXResourcesBuildPhase section */

/* Begin PBXSourcesBuildPhase section */
		689C842829CCBDD100493A20 /* Sources */ = {
			isa = PBXSourcesBuildPhase;
			buildActionMask = 2147483647;
			files = (
				689C847329CCD10E00493A20 /* SignupFormData.swift in Sources */,
				689C845629CCC4B600493A20 /* DropdownComponent.swift in Sources */,
				689C845A29CCC4EB00493A20 /* RadioButtonComponent.swift in Sources */,
				689C846D29CCCC1200493A20 /* SignupAccountInfoView.swift in Sources */,
				689C845029CCC44200493A20 /* ProfileBook.swift in Sources */,
				689C846729CCCBE100493A20 /* BookDetailsView.swift in Sources */,
				689C844C29CCC41A00493A20 /* Shelf.swift in Sources */,
				689C843229CCBDD100493A20 /* ContentView.swift in Sources */,
				689C844229CCBF2F00493A20 /* SupabaseClient.swift in Sources */,
				689C846229CCC53E00493A20 /* TogglablePasswordFieldComponent.swift in Sources */,
				689C846529CCC57100493A20 /* BookContentView.swift in Sources */,
				689C845C29CCC50300493A20 /* ShelfComponent.swift in Sources */,
				689C844E29CCC42E00493A20 /* Profile.swift in Sources */,
				689C845429CCC49100493A20 /* ShelfBook.swift in Sources */,
				689C845E29CCC51400493A20 /* StarRatingComponent.swift in Sources */,
				689C843029CCBDD100493A20 /* GreenreadsApp.swift in Sources */,
				689C846F29CCCC2300493A20 /* SignupUserInfoView.swift in Sources */,
				689C844A29CCC40200493A20 /* Book.swift in Sources */,
				689C847129CCCC4600493A20 /* SplashView.swift in Sources */,
				689C845829CCC4D200493A20 /* GenderDropdownComponent.swift in Sources */,
				687AA21129CCDA9100E7C12E /* Enums.swift in Sources */,
				689C844829CCC3C300493A20 /* ColorExtensions.swift in Sources */,
				689C845229CCC47800493A20 /* ProfileShelf.swift in Sources */,
				689C846929CCCBF600493A20 /* LoginView.swift in Sources */,
				689C846B29CCCC0600493A20 /* ShelvesListView.swift in Sources */,
				689C846029CCC52300493A20 /* TextFieldComponent.swift in Sources */,
			);
			runOnlyForDeploymentPostprocessing = 0;
		};
/* End PBXSourcesBuildPhase section */

/* Begin XCBuildConfiguration section */
		689C843829CCBDD200493A20 /* Debug */ = {
			isa = XCBuildConfiguration;
			buildSettings = {
				ALWAYS_SEARCH_USER_PATHS = NO;
				CLANG_ANALYZER_NONNULL = YES;
				CLANG_ANALYZER_NUMBER_OBJECT_CONVERSION = YES_AGGRESSIVE;
				CLANG_CXX_LANGUAGE_STANDARD = "gnu++20";
				CLANG_ENABLE_MODULES = YES;
				CLANG_ENABLE_OBJC_ARC = YES;
				CLANG_ENABLE_OBJC_WEAK = YES;
				CLANG_WARN_BLOCK_CAPTURE_AUTORELEASING = YES;
				CLANG_WARN_BOOL_CONVERSION = YES;
				CLANG_WARN_COMMA = YES;
				CLANG_WARN_CONSTANT_CONVERSION = YES;
				CLANG_WARN_DEPRECATED_OBJC_IMPLEMENTATIONS = YES;
				CLANG_WARN_DIRECT_OBJC_ISA_USAGE = YES_ERROR;
				CLANG_WARN_DOCUMENTATION_COMMENTS = YES;
				CLANG_WARN_EMPTY_BODY = YES;
				CLANG_WARN_ENUM_CONVERSION = YES;
				CLANG_WARN_INFINITE_RECURSION = YES;
				CLANG_WARN_INT_CONVERSION = YES;
				CLANG_WARN_NON_LITERAL_NULL_CONVERSION = YES;
				CLANG_WARN_OBJC_IMPLICIT_RETAIN_SELF = YES;
				CLANG_WARN_OBJC_LITERAL_CONVERSION = YES;
				CLANG_WARN_OBJC_ROOT_CLASS = YES_ERROR;
				CLANG_WARN_QUOTED_INCLUDE_IN_FRAMEWORK_HEADER = YES;
				CLANG_WARN_RANGE_LOOP_ANALYSIS = YES;
				CLANG_WARN_STRICT_PROTOTYPES = YES;
				CLANG_WARN_SUSPICIOUS_MOVE = YES;
				CLANG_WARN_UNGUARDED_AVAILABILITY = YES_AGGRESSIVE;
				CLANG_WARN_UNREACHABLE_CODE = YES;
				CLANG_WARN__DUPLICATE_METHOD_MATCH = YES;
				COPY_PHASE_STRIP = NO;
				DEBUG_INFORMATION_FORMAT = dwarf;
				ENABLE_STRICT_OBJC_MSGSEND = YES;
				ENABLE_TESTABILITY = YES;
				GCC_C_LANGUAGE_STANDARD = gnu11;
				GCC_DYNAMIC_NO_PIC = NO;
				GCC_NO_COMMON_BLOCKS = YES;
				GCC_OPTIMIZATION_LEVEL = 0;
				GCC_PREPROCESSOR_DEFINITIONS = (
					"DEBUG=1",
					"$(inherited)",
				);
				GCC_WARN_64_TO_32_BIT_CONVERSION = YES;
				GCC_WARN_ABOUT_RETURN_TYPE = YES_ERROR;
				GCC_WARN_UNDECLARED_SELECTOR = YES;
				GCC_WARN_UNINITIALIZED_AUTOS = YES_AGGRESSIVE;
				GCC_WARN_UNUSED_FUNCTION = YES;
				GCC_WARN_UNUSED_VARIABLE = YES;
				IPHONEOS_DEPLOYMENT_TARGET = 16.2;
				MTL_ENABLE_DEBUG_INFO = INCLUDE_SOURCE;
				MTL_FAST_MATH = YES;
				ONLY_ACTIVE_ARCH = YES;
				SDKROOT = iphoneos;
				SWIFT_ACTIVE_COMPILATION_CONDITIONS = DEBUG;
				SWIFT_OPTIMIZATION_LEVEL = "-Onone";
			};
			name = Debug;
		};
		689C843929CCBDD200493A20 /* Release */ = {
			isa = XCBuildConfiguration;
			buildSettings = {
				ALWAYS_SEARCH_USER_PATHS = NO;
				CLANG_ANALYZER_NONNULL = YES;
				CLANG_ANALYZER_NUMBER_OBJECT_CONVERSION = YES_AGGRESSIVE;
				CLANG_CXX_LANGUAGE_STANDARD = "gnu++20";
				CLANG_ENABLE_MODULES = YES;
				CLANG_ENABLE_OBJC_ARC = YES;
				CLANG_ENABLE_OBJC_WEAK = YES;
				CLANG_WARN_BLOCK_CAPTURE_AUTORELEASING = YES;
				CLANG_WARN_BOOL_CONVERSION = YES;
				CLANG_WARN_COMMA = YES;
				CLANG_WARN_CONSTANT_CONVERSION = YES;
				CLANG_WARN_DEPRECATED_OBJC_IMPLEMENTATIONS = YES;
				CLANG_WARN_DIRECT_OBJC_ISA_USAGE = YES_ERROR;
				CLANG_WARN_DOCUMENTATION_COMMENTS = YES;
				CLANG_WARN_EMPTY_BODY = YES;
				CLANG_WARN_ENUM_CONVERSION = YES;
				CLANG_WARN_INFINITE_RECURSION = YES;
				CLANG_WARN_INT_CONVERSION = YES;
				CLANG_WARN_NON_LITERAL_NULL_CONVERSION = YES;
				CLANG_WARN_OBJC_IMPLICIT_RETAIN_SELF = YES;
				CLANG_WARN_OBJC_LITERAL_CONVERSION = YES;
				CLANG_WARN_OBJC_ROOT_CLASS = YES_ERROR;
				CLANG_WARN_QUOTED_INCLUDE_IN_FRAMEWORK_HEADER = YES;
				CLANG_WARN_RANGE_LOOP_ANALYSIS = YES;
				CLANG_WARN_STRICT_PROTOTYPES = YES;
				CLANG_WARN_SUSPICIOUS_MOVE = YES;
				CLANG_WARN_UNGUARDED_AVAILABILITY = YES_AGGRESSIVE;
				CLANG_WARN_UNREACHABLE_CODE = YES;
				CLANG_WARN__DUPLICATE_METHOD_MATCH = YES;
				COPY_PHASE_STRIP = NO;
				DEBUG_INFORMATION_FORMAT = "dwarf-with-dsym";
				ENABLE_NS_ASSERTIONS = NO;
				ENABLE_STRICT_OBJC_MSGSEND = YES;
				GCC_C_LANGUAGE_STANDARD = gnu11;
				GCC_NO_COMMON_BLOCKS = YES;
				GCC_WARN_64_TO_32_BIT_CONVERSION = YES;
				GCC_WARN_ABOUT_RETURN_TYPE = YES_ERROR;
				GCC_WARN_UNDECLARED_SELECTOR = YES;
				GCC_WARN_UNINITIALIZED_AUTOS = YES_AGGRESSIVE;
				GCC_WARN_UNUSED_FUNCTION = YES;
				GCC_WARN_UNUSED_VARIABLE = YES;
				IPHONEOS_DEPLOYMENT_TARGET = 16.2;
				MTL_ENABLE_DEBUG_INFO = NO;
				MTL_FAST_MATH = YES;
				SDKROOT = iphoneos;
				SWIFT_COMPILATION_MODE = wholemodule;
				SWIFT_OPTIMIZATION_LEVEL = "-O";
				VALIDATE_PRODUCT = YES;
			};
			name = Release;
		};
		689C843B29CCBDD200493A20 /* Debug */ = {
			isa = XCBuildConfiguration;
			buildSettings = {
				ASSETCATALOG_COMPILER_APPICON_NAME = AppIcon;
				ASSETCATALOG_COMPILER_GLOBAL_ACCENT_COLOR_NAME = AccentColor;
				CODE_SIGN_STYLE = Automatic;
				CURRENT_PROJECT_VERSION = 1;
				DEVELOPMENT_ASSET_PATHS = "\"Greenreads/Preview Content\"";
				ENABLE_PREVIEWS = YES;
				GENERATE_INFOPLIST_FILE = YES;
				INFOPLIST_KEY_UIApplicationSceneManifest_Generation = YES;
				INFOPLIST_KEY_UIApplicationSupportsIndirectInputEvents = YES;
				INFOPLIST_KEY_UILaunchScreen_Generation = YES;
				INFOPLIST_KEY_UISupportedInterfaceOrientations_iPad = "UIInterfaceOrientationPortrait UIInterfaceOrientationPortraitUpsideDown UIInterfaceOrientationLandscapeLeft UIInterfaceOrientationLandscapeRight";
				INFOPLIST_KEY_UISupportedInterfaceOrientations_iPhone = "UIInterfaceOrientationPortrait UIInterfaceOrientationLandscapeLeft UIInterfaceOrientationLandscapeRight";
				LD_RUNPATH_SEARCH_PATHS = (
					"$(inherited)",
					"@executable_path/Frameworks",
				);
				MARKETING_VERSION = 1.0;
				PRODUCT_BUNDLE_IDENTIFIER = com.gbc.greenreads.Greenreads;
				PRODUCT_NAME = "$(TARGET_NAME)";
				SWIFT_EMIT_LOC_STRINGS = YES;
				SWIFT_VERSION = 5.0;
				TARGETED_DEVICE_FAMILY = "1,2";
			};
			name = Debug;
		};
		689C843C29CCBDD200493A20 /* Release */ = {
			isa = XCBuildConfiguration;
			buildSettings = {
				ASSETCATALOG_COMPILER_APPICON_NAME = AppIcon;
				ASSETCATALOG_COMPILER_GLOBAL_ACCENT_COLOR_NAME = AccentColor;
				CODE_SIGN_STYLE = Automatic;
				CURRENT_PROJECT_VERSION = 1;
				DEVELOPMENT_ASSET_PATHS = "\"Greenreads/Preview Content\"";
				ENABLE_PREVIEWS = YES;
				GENERATE_INFOPLIST_FILE = YES;
				INFOPLIST_KEY_UIApplicationSceneManifest_Generation = YES;
				INFOPLIST_KEY_UIApplicationSupportsIndirectInputEvents = YES;
				INFOPLIST_KEY_UILaunchScreen_Generation = YES;
				INFOPLIST_KEY_UISupportedInterfaceOrientations_iPad = "UIInterfaceOrientationPortrait UIInterfaceOrientationPortraitUpsideDown UIInterfaceOrientationLandscapeLeft UIInterfaceOrientationLandscapeRight";
				INFOPLIST_KEY_UISupportedInterfaceOrientations_iPhone = "UIInterfaceOrientationPortrait UIInterfaceOrientationLandscapeLeft UIInterfaceOrientationLandscapeRight";
				LD_RUNPATH_SEARCH_PATHS = (
					"$(inherited)",
					"@executable_path/Frameworks",
				);
				MARKETING_VERSION = 1.0;
				PRODUCT_BUNDLE_IDENTIFIER = com.gbc.greenreads.Greenreads;
				PRODUCT_NAME = "$(TARGET_NAME)";
				SWIFT_EMIT_LOC_STRINGS = YES;
				SWIFT_VERSION = 5.0;
				TARGETED_DEVICE_FAMILY = "1,2";
			};
			name = Release;
		};
/* End XCBuildConfiguration section */

/* Begin XCConfigurationList section */
		689C842729CCBDD100493A20 /* Build configuration list for PBXProject "Greenreads" */ = {
			isa = XCConfigurationList;
			buildConfigurations = (
				689C843829CCBDD200493A20 /* Debug */,
				689C843929CCBDD200493A20 /* Release */,
			);
			defaultConfigurationIsVisible = 0;
			defaultConfigurationName = Release;
		};
		689C843A29CCBDD200493A20 /* Build configuration list for PBXNativeTarget "Greenreads" */ = {
			isa = XCConfigurationList;
			buildConfigurations = (
				689C843B29CCBDD200493A20 /* Debug */,
				689C843C29CCBDD200493A20 /* Release */,
			);
			defaultConfigurationIsVisible = 0;
			defaultConfigurationName = Release;
		};
/* End XCConfigurationList section */

/* Begin XCRemoteSwiftPackageReference section */
		689C844329CCBFE500493A20 /* XCRemoteSwiftPackageReference "supabase-swift" */ = {
			isa = XCRemoteSwiftPackageReference;
			repositoryURL = "https://github.com/supabase/supabase-swift.git";
			requirement = {
				branch = master;
				kind = branch;
			};
		};
/* End XCRemoteSwiftPackageReference section */

/* Begin XCSwiftPackageProductDependency section */
		689C844429CCBFE500493A20 /* Supabase */ = {
			isa = XCSwiftPackageProductDependency;
			package = 689C844329CCBFE500493A20 /* XCRemoteSwiftPackageReference "supabase-swift" */;
			productName = Supabase;
		};
/* End XCSwiftPackageProductDependency section */
	};
	rootObject = 689C842429CCBDD100493A20 /* Project object */;
}
